
Microsoft Visual Studio Solution File, Format Version 12.00
# Visual Studio Version 17
VisualStudioVersion = 17.3.32929.385
MinimumVisualStudioVersion = 10.0.40219.1
Project("{FAE04EC0-301F-11D3-BF4B-00C04F79EFBC}") = "GitOut", "GitOut\GitOut.csproj", "{EBD49A1F-D446-4083-AB73-82B292E618BF}"
EndProject
Global
	GlobalSection(SolutionConfigurationPlatforms) = preSolution
		Debug|Any CPU = Debug|Any CPU
		Release|Any CPU = Release|Any CPU
	EndGlobalSection
	GlobalSection(ProjectConfigurationPlatforms) = postSolution
		{EBD49A1F-D446-4083-AB73-82B292E618BF}.Debug|Any CPU.ActiveCfg = Debug|Any CPU
		{EBD49A1F-D446-4083-AB73-82B292E618BF}.Debug|Any CPU.Build.0 = Debug|Any CPU
		{EBD49A1F-D446-4083-AB73-82B292E618BF}.Release|Any CPU.ActiveCfg = Release|Any CPU
		{EBD49A1F-D446-4083-AB73-82B292E618BF}.Release|Any CPU.Build.0 = Release|Any CPU
	EndGlobalSection
	GlobalSection(SolutionProperties) = preSolution
		HideSolutionNode = FALSE
	EndGlobalSection
	GlobalSection(ExtensibilityGlobals) = postSolution
		SolutionGuid = {29EF3E53-BD56-409F-8056-76A2A59C856C}
	EndGlobalSection
EndGlobal
